
Microsoft Visual Studio Solution File, Format Version 12.00
# Visual Studio Version 17
VisualStudioVersion = 17.9.34902.65
MinimumVisualStudioVersion = 10.0.40219.1
Project("{FAE04EC0-301F-11D3-BF4B-00C04F79EFBC}") = "ErrorHandling", "ErrorHandling\ErrorHandling.csproj", "{3B00AD3B-85CE-4258-B834-A60A1144F3BE}"
EndProject
Global
	GlobalSection(SolutionConfigurationPlatforms) = preSolution
		Debug|Any CPU = Debug|Any CPU
		Release|Any CPU = Release|Any CPU
	EndGlobalSection
	GlobalSection(ProjectConfigurationPlatforms) = postSolution
		{3B00AD3B-85CE-4258-B834-A60A1144F3BE}.Debug|Any CPU.ActiveCfg = Debug|Any CPU
		{3B00AD3B-85CE-4258-B834-A60A1144F3BE}.Debug|Any CPU.Build.0 = Debug|Any CPU
		{3B00AD3B-85CE-4258-B834-A60A1144F3BE}.Release|Any CPU.ActiveCfg = Release|Any CPU
		{3B00AD3B-85CE-4258-B834-A60A1144F3BE}.Release|Any CPU.Build.0 = Release|Any CPU
	EndGlobalSection
	GlobalSection(SolutionProperties) = preSolution
		HideSolutionNode = FALSE
	EndGlobalSection
	GlobalSection(ExtensibilityGlobals) = postSolution
		SolutionGuid = {C7C8F221-F67A-4882-956F-AEEA980A1F9B}
	EndGlobalSection
EndGlobal
