
Microsoft Visual Studio Solution File, Format Version 12.00
# Visual Studio Version 17
VisualStudioVersion = 17.9.34902.65
MinimumVisualStudioVersion = 10.0.40219.1
Project("{FAE04EC0-301F-11D3-BF4B-00C04F79EFBC}") = "DateManipulation", "DateManipulation.csproj", "{0747CB8D-C0C0-4A41-A306-F76CD1F6DFFF}"
EndProject
Global
	GlobalSection(SolutionConfigurationPlatforms) = preSolution
		Debug|Any CPU = Debug|Any CPU
		Release|Any CPU = Release|Any CPU
	EndGlobalSection
	GlobalSection(ProjectConfigurationPlatforms) = postSolution
		{0747CB8D-C0C0-4A41-A306-F76CD1F6DFFF}.Debug|Any CPU.ActiveCfg = Debug|Any CPU
		{0747CB8D-C0C0-4A41-A306-F76CD1F6DFFF}.Debug|Any CPU.Build.0 = Debug|Any CPU
		{0747CB8D-C0C0-4A41-A306-F76CD1F6DFFF}.Release|Any CPU.ActiveCfg = Release|Any CPU
		{0747CB8D-C0C0-4A41-A306-F76CD1F6DFFF}.Release|Any CPU.Build.0 = Release|Any CPU
	EndGlobalSection
	GlobalSection(SolutionProperties) = preSolution
		HideSolutionNode = FALSE
	EndGlobalSection
	GlobalSection(ExtensibilityGlobals) = postSolution
		SolutionGuid = {0B14CEB3-EB28-4430-9782-E48EEDBDFB94}
	EndGlobalSection
EndGlobal
